
Microsoft Visual Studio Solution File, Format Version 12.00
# Visual Studio Version 17
VisualStudioVersion = 17.4.33103.184
MinimumVisualStudioVersion = 10.0.40219.1
Project("{FAE04EC0-301F-11D3-BF4B-00C04F79EFBC}") = "HomeWork2", "HomeWork2\HomeWork2.csproj", "{29FB972C-3B9A-43B4-9D3B-B13FF056ED58}"
EndProject
Project("{FAE04EC0-301F-11D3-BF4B-00C04F79EFBC}") = "Utilis", "..\Utilis\Utilis.csproj", "{84BE58E3-9F83-455D-A031-FE862C048BB3}"
EndProject
Project("{FAE04EC0-301F-11D3-BF4B-00C04F79EFBC}") = "ClassSwitch", "..\Utilits\ClassSwitch\ClassSwitch.csproj", "{7B856E7F-85A8-44B5-8D09-D9D33821C374}"
EndProject
Global
	GlobalSection(SolutionConfigurationPlatforms) = preSolution
		Debug|Any CPU = Debug|Any CPU
		Release|Any CPU = Release|Any CPU
	EndGlobalSection
	GlobalSection(ProjectConfigurationPlatforms) = postSolution
		{29FB972C-3B9A-43B4-9D3B-B13FF056ED58}.Debug|Any CPU.ActiveCfg = Debug|Any CPU
		{29FB972C-3B9A-43B4-9D3B-B13FF056ED58}.Debug|Any CPU.Build.0 = Debug|Any CPU
		{29FB972C-3B9A-43B4-9D3B-B13FF056ED58}.Release|Any CPU.ActiveCfg = Release|Any CPU
		{29FB972C-3B9A-43B4-9D3B-B13FF056ED58}.Release|Any CPU.Build.0 = Release|Any CPU
		{84BE58E3-9F83-455D-A031-FE862C048BB3}.Debug|Any CPU.ActiveCfg = Debug|Any CPU
		{84BE58E3-9F83-455D-A031-FE862C048BB3}.Debug|Any CPU.Build.0 = Debug|Any CPU
		{84BE58E3-9F83-455D-A031-FE862C048BB3}.Release|Any CPU.ActiveCfg = Release|Any CPU
		{84BE58E3-9F83-455D-A031-FE862C048BB3}.Release|Any CPU.Build.0 = Release|Any CPU
		{7B856E7F-85A8-44B5-8D09-D9D33821C374}.Debug|Any CPU.ActiveCfg = Debug|Any CPU
		{7B856E7F-85A8-44B5-8D09-D9D33821C374}.Debug|Any CPU.Build.0 = Debug|Any CPU
		{7B856E7F-85A8-44B5-8D09-D9D33821C374}.Release|Any CPU.ActiveCfg = Release|Any CPU
		{7B856E7F-85A8-44B5-8D09-D9D33821C374}.Release|Any CPU.Build.0 = Release|Any CPU
	EndGlobalSection
	GlobalSection(SolutionProperties) = preSolution
		HideSolutionNode = FALSE
	EndGlobalSection
	GlobalSection(ExtensibilityGlobals) = postSolution
		SolutionGuid = {E3BBF1D8-B76C-4023-B04A-EF0FC7FD12C2}
	EndGlobalSection
EndGlobal
